
Microsoft Visual Studio Solution File, Format Version 12.00
# Visual Studio 15
VisualStudioVersion = 15.0.27428.2037
MinimumVisualStudioVersion = 10.0.40219.1
Project("{FAE04EC0-301F-11D3-BF4B-00C04F79EFBC}") = "LabExam", "LabExam\LabExam.csproj", "{B1EA9492-378F-4409-9D26-A9F7FFCED7A6}"
EndProject
Global
	GlobalSection(SolutionConfigurationPlatforms) = preSolution
		Debug|Any CPU = Debug|Any CPU
		Release|Any CPU = Release|Any CPU
	EndGlobalSection
	GlobalSection(ProjectConfigurationPlatforms) = postSolution
		{B1EA9492-378F-4409-9D26-A9F7FFCED7A6}.Debug|Any CPU.ActiveCfg = Debug|Any CPU
		{B1EA9492-378F-4409-9D26-A9F7FFCED7A6}.Debug|Any CPU.Build.0 = Debug|Any CPU
		{B1EA9492-378F-4409-9D26-A9F7FFCED7A6}.Release|Any CPU.ActiveCfg = Release|Any CPU
		{B1EA9492-378F-4409-9D26-A9F7FFCED7A6}.Release|Any CPU.Build.0 = Release|Any CPU
	EndGlobalSection
	GlobalSection(SolutionProperties) = preSolution
		HideSolutionNode = FALSE
	EndGlobalSection
	GlobalSection(ExtensibilityGlobals) = postSolution
		SolutionGuid = {560143D9-B843-4736-B3F3-5B4AC8C26A43}
	EndGlobalSection
EndGlobal
